// !$*UTF8*$!
{
	archiveVersion = 1;
	classes = {
	};
	objectVersion = 56;
	objects = {

/* Begin PBXBuildFile section */
		4EF8C17D2C7733A6005664DB /* AppDelegate.swift in Sources */ = {isa = PBXBuildFile; fileRef = 4EF8C17C2C7733A6005664DB /* AppDelegate.swift */; };
		4EF8C17F2C7733A6005664DB /* SceneDelegate.swift in Sources */ = {isa = PBXBuildFile; fileRef = 4EF8C17E2C7733A6005664DB /* SceneDelegate.swift */; };
		4EF8C1812C7733A6005664DB /* ViewController.swift in Sources */ = {isa = PBXBuildFile; fileRef = 4EF8C1802C7733A6005664DB /* ViewController.swift */; };
		4EF8C1842C7733A6005664DB /* Base in Resources */ = {isa = PBXBuildFile; fileRef = 4EF8C1832C7733A6005664DB /* Base */; };
		4EF8C1872C7733A6005664DB /* CoreDataDemo.xcdatamodeld in Sources */ = {isa = PBXBuildFile; fileRef = 4EF8C1852C7733A6005664DB /* CoreDataDemo.xcdatamodeld */; };
		4EF8C1892C7733A7005664DB /* Assets.xcassets in Resources */ = {isa = PBXBuildFile; fileRef = 4EF8C1882C7733A7005664DB /* Assets.xcassets */; };
		4EF8C18C2C7733A7005664DB /* Base in Resources */ = {isa = PBXBuildFile; fileRef = 4EF8C18B2C7733A7005664DB /* Base */; };
		4EF8C1972C7733A7005664DB /* CoreDataDemoTests.swift in Sources */ = {isa = PBXBuildFile; fileRef = 4EF8C1962C7733A7005664DB /* CoreDataDemoTests.swift */; };
		4EF8C1A12C7733A7005664DB /* CoreDataDemoUITests.swift in Sources */ = {isa = PBXBuildFile; fileRef = 4EF8C1A02C7733A7005664DB /* CoreDataDemoUITests.swift */; };
		4EF8C1A32C7733A7005664DB /* CoreDataDemoUITestsLaunchTests.swift in Sources */ = {isa = PBXBuildFile; fileRef = 4EF8C1A22C7733A7005664DB /* CoreDataDemoUITestsLaunchTests.swift */; };
/* End PBXBuildFile section */

/* Begin PBXContainerItemProxy section */
		4EF8C1932C7733A7005664DB /* PBXContainerItemProxy */ = {
			isa = PBXContainerItemProxy;
			containerPortal = 4EF8C1712C7733A6005664DB /* Project object */;
			proxyType = 1;
			remoteGlobalIDString = 4EF8C1782C7733A6005664DB;
			remoteInfo = CoreDataDemo;
		};
		4EF8C19D2C7733A7005664DB /* PBXContainerItemProxy */ = {
			isa = PBXContainerItemProxy;
			containerPortal = 4EF8C1712C7733A6005664DB /* Project object */;
			proxyType = 1;
			remoteGlobalIDString = 4EF8C1782C7733A6005664DB;
			remoteInfo = CoreDataDemo;
		};
/* End PBXContainerItemProxy section */

/* Begin PBXFileReference section */
		4EF8C1792C7733A6005664DB /* CoreDataDemo.app */ = {isa = PBXFileReference; explicitFileType = wrapper.application; includeInIndex = 0; path = CoreDataDemo.app; sourceTree = BUILT_PRODUCTS_DIR; };
		4EF8C17C2C7733A6005664DB /* AppDelegate.swift */ = {isa = PBXFileReference; lastKnownFileType = sourcecode.swift; path = AppDelegate.swift; sourceTree = "<group>"; };
		4EF8C17E2C7733A6005664DB /* SceneDelegate.swift */ = {isa = PBXFileReference; lastKnownFileType = sourcecode.swift; path = SceneDelegate.swift; sourceTree = "<group>"; };
		4EF8C1802C7733A6005664DB /* ViewController.swift */ = {isa = PBXFileReference; lastKnownFileType = sourcecode.swift; path = ViewController.swift; sourceTree = "<group>"; };
		4EF8C1832C7733A6005664DB /* Base */ = {isa = PBXFileReference; lastKnownFileType = file.storyboard; name = Base; path = Base.lproj/Main.storyboard; sourceTree = "<group>"; };
		4EF8C1862C7733A6005664DB /* CoreDataDemo.xcdatamodel */ = {isa = PBXFileReference; lastKnownFileType = wrapper.xcdatamodel; path = CoreDataDemo.xcdatamodel; sourceTree = "<group>"; };
		4EF8C1882C7733A7005664DB /* Assets.xcassets */ = {isa = PBXFileReference; lastKnownFileType = folder.assetcatalog; path = Assets.xcassets; sourceTree = "<group>"; };
		4EF8C18B2C7733A7005664DB /* Base */ = {isa = PBXFileReference; lastKnownFileType = file.storyboard; name = Base; path = Base.lproj/LaunchScreen.storyboard; sourceTree = "<group>"; };
		4EF8C18D2C7733A7005664DB /* Info.plist */ = {isa = PBXFileReference; lastKnownFileType = text.plist.xml; path = Info.plist; sourceTree = "<group>"; };
		4EF8C1922C7733A7005664DB /* CoreDataDemoTests.xctest */ = {isa = PBXFileReference; explicitFileType = wrapper.cfbundle; includeInIndex = 0; path = CoreDataDemoTests.xctest; sourceTree = BUILT_PRODUCTS_DIR; };
		4EF8C1962C7733A7005664DB /* CoreDataDemoTests.swift */ = {isa = PBXFileReference; lastKnownFileType = sourcecode.swift; path = CoreDataDemoTests.swift; sourceTree = "<group>"; };
		4EF8C19C2C7733A7005664DB /* CoreDataDemoUITests.xctest */ = {isa = PBXFileReference; explicitFileType = wrapper.cfbundle; includeInIndex = 0; path = CoreDataDemoUITests.xctest; sourceTree = BUILT_PRODUCTS_DIR; };
		4EF8C1A02C7733A7005664DB /* CoreDataDemoUITests.swift */ = {isa = PBXFileReference; lastKnownFileType = sourcecode.swift; path = CoreDataDemoUITests.swift; sourceTree = "<group>"; };
		4EF8C1A22C7733A7005664DB /* CoreDataDemoUITestsLaunchTests.swift */ = {isa = PBXFileReference; lastKnownFileType = sourcecode.swift; path = CoreDataDemoUITestsLaunchTests.swift; sourceTree = "<group>"; };
/* End PBXFileReference section */

/* Begin PBXFrameworksBuildPhase section */
		4EF8C1762C7733A6005664DB /* Frameworks */ = {
			isa = PBXFrameworksBuildPhase;
			buildActionMask = 2147483647;
			files = (
			);
			runOnlyForDeploymentPostprocessing = 0;
		};
		4EF8C18F2C7733A7005664DB /* Frameworks */ = {
			isa = PBXFrameworksBuildPhase;
			buildActionMask = 2147483647;
			files = (
			);
			runOnlyForDeploymentPostprocessing = 0;
		};
		4EF8C1992C7733A7005664DB /* Frameworks */ = {
			isa = PBXFrameworksBuildPhase;
			buildActionMask = 2147483647;
			files = (
			);
			runOnlyForDeploymentPostprocessing = 0;
		};
/* End PBXFrameworksBuildPhase section */

/* Begin PBXGroup section */
		4EF8C1702C7733A6005664DB = {
			isa = PBXGroup;
			children = (
				4EF8C17B2C7733A6005664DB /* CoreDataDemo */,
				4EF8C1952C7733A7005664DB /* CoreDataDemoTests */,
				4EF8C19F2C7733A7005664DB /* CoreDataDemoUITests */,
				4EF8C17A2C7733A6005664DB /* Products */,
			);
			sourceTree = "<group>";
		};
		4EF8C17A2C7733A6005664DB /* Products */ = {
			isa = PBXGroup;
			children = (
				4EF8C1792C7733A6005664DB /* CoreDataDemo.app */,
				4EF8C1922C7733A7005664DB /* CoreDataDemoTests.xctest */,
				4EF8C19C2C7733A7005664DB /* CoreDataDemoUITests.xctest */,
			);
			name = Products;
			sourceTree = "<group>";
		};
		4EF8C17B2C7733A6005664DB /* CoreDataDemo */ = {
			isa = PBXGroup;
			children = (
				4EF8C17C2C7733A6005664DB /* AppDelegate.swift */,
				4EF8C17E2C7733A6005664DB /* SceneDelegate.swift */,
				4EF8C1802C7733A6005664DB /* ViewController.swift */,
				4EF8C1822C7733A6005664DB /* Main.storyboard */,
				4EF8C1882C7733A7005664DB /* Assets.xcassets */,
				4EF8C18A2C7733A7005664DB /* LaunchScreen.storyboard */,
				4EF8C18D2C7733A7005664DB /* Info.plist */,
				4EF8C1852C7733A6005664DB /* CoreDataDemo.xcdatamodeld */,
			);
			path = CoreDataDemo;
			sourceTree = "<group>";
		};
		4EF8C1952C7733A7005664DB /* CoreDataDemoTests */ = {
			isa = PBXGroup;
			children = (
				4EF8C1962C7733A7005664DB /* CoreDataDemoTests.swift */,
			);
			path = CoreDataDemoTests;
			sourceTree = "<group>";
		};
		4EF8C19F2C7733A7005664DB /* CoreDataDemoUITests */ = {
			isa = PBXGroup;
			children = (
				4EF8C1A02C7733A7005664DB /* CoreDataDemoUITests.swift */,
				4EF8C1A22C7733A7005664DB /* CoreDataDemoUITestsLaunchTests.swift */,
			);
			path = CoreDataDemoUITests;
			sourceTree = "<group>";
		};
/* End PBXGroup section */

/* Begin PBXNativeTarget section */
		4EF8C1782C7733A6005664DB /* CoreDataDemo */ = {
			isa = PBXNativeTarget;
			buildConfigurationList = 4EF8C1A62C7733A7005664DB /* Build configuration list for PBXNativeTarget "CoreDataDemo" */;
			buildPhases = (
				4EF8C1752C7733A6005664DB /* Sources */,
				4EF8C1762C7733A6005664DB /* Frameworks */,
				4EF8C1772C7733A6005664DB /* Resources */,
			);
			buildRules = (
			);
			dependencies = (
			);
			name = CoreDataDemo;
			productName = CoreDataDemo;
			productReference = 4EF8C1792C7733A6005664DB /* CoreDataDemo.app */;
			productType = "com.apple.product-type.application";
		};
		4EF8C1912C7733A7005664DB /* CoreDataDemoTests */ = {
			isa = PBXNativeTarget;
			buildConfigurationList = 4EF8C1A92C7733A7005664DB /* Build configuration list for PBXNativeTarget "CoreDataDemoTests" */;
			buildPhases = (
				4EF8C18E2C7733A7005664DB /* Sources */,
				4EF8C18F2C7733A7005664DB /* Frameworks */,
				4EF8C1902C7733A7005664DB /* Resources */,
			);
			buildRules = (
			);
			dependencies = (
				4EF8C1942C7733A7005664DB /* PBXTargetDependency */,
			);
			name = CoreDataDemoTests;
			productName = CoreDataDemoTests;
			productReference = 4EF8C1922C7733A7005664DB /* CoreDataDemoTests.xctest */;
			productType = "com.apple.product-type.bundle.unit-test";
		};
		4EF8C19B2C7733A7005664DB /* CoreDataDemoUITests */ = {
			isa = PBXNativeTarget;
			buildConfigurationList = 4EF8C1AC2C7733A7005664DB /* Build configuration list for PBXNativeTarget "CoreDataDemoUITests" */;
			buildPhases = (
				4EF8C1982C7733A7005664DB /* Sources */,
				4EF8C1992C7733A7005664DB /* Frameworks */,
				4EF8C19A2C7733A7005664DB /* Resources */,
			);
			buildRules = (
			);
			dependencies = (
				4EF8C19E2C7733A7005664DB /* PBXTargetDependency */,
			);
			name = CoreDataDemoUITests;
			productName = CoreDataDemoUITests;
			productReference = 4EF8C19C2C7733A7005664DB /* CoreDataDemoUITests.xctest */;
			productType = "com.apple.product-type.bundle.ui-testing";
		};
/* End PBXNativeTarget section */

/* Begin PBXProject section */
		4EF8C1712C7733A6005664DB /* Project object */ = {
			isa = PBXProject;
			attributes = {
				BuildIndependentTargetsInParallel = 1;
				LastSwiftUpdateCheck = 1530;
				LastUpgradeCheck = 1530;
				TargetAttributes = {
					4EF8C1782C7733A6005664DB = {
						CreatedOnToolsVersion = 15.3;
					};
					4EF8C1912C7733A7005664DB = {
						CreatedOnToolsVersion = 15.3;
						TestTargetID = 4EF8C1782C7733A6005664DB;
					};
					4EF8C19B2C7733A7005664DB = {
						CreatedOnToolsVersion = 15.3;
						TestTargetID = 4EF8C1782C7733A6005664DB;
					};
				};
			};
			buildConfigurationList = 4EF8C1742C7733A6005664DB /* Build configuration list for PBXProject "CoreDataDemo" */;
			compatibilityVersion = "Xcode 14.0";
			developmentRegion = en;
			hasScannedForEncodings = 0;
			knownRegions = (
				en,
				Base,
			);
			mainGroup = 4EF8C1702C7733A6005664DB;
			productRefGroup = 4EF8C17A2C7733A6005664DB /* Products */;
			projectDirPath = "";
			projectRoot = "";
			targets = (
				4EF8C1782C7733A6005664DB /* CoreDataDemo */,
				4EF8C1912C7733A7005664DB /* CoreDataDemoTests */,
				4EF8C19B2C7733A7005664DB /* CoreDataDemoUITests */,
			);
		};
/* End PBXProject section */

/* Begin PBXResourcesBuildPhase section */
		4EF8C1772C7733A6005664DB /* Resources */ = {
			isa = PBXResourcesBuildPhase;
			buildActionMask = 2147483647;
			files = (
				4EF8C1892C7733A7005664DB /* Assets.xcassets in Resources */,
				4EF8C18C2C7733A7005664DB /* Base in Resources */,
				4EF8C1842C7733A6005664DB /* Base in Resources */,
			);
			runOnlyForDeploymentPostprocessing = 0;
		};
		4EF8C1902C7733A7005664DB /* Resources */ = {
			isa = PBXResourcesBuildPhase;
			buildActionMask = 2147483647;
			files = (
			);
			runOnlyForDeploymentPostprocessing = 0;
		};
		4EF8C19A2C7733A7005664DB /* Resources */ = {
			isa = PBXResourcesBuildPhase;
			buildActionMask = 2147483647;
			files = (
			);
			runOnlyForDeploymentPostprocessing = 0;
		};
/* End PBXResourcesBuildPhase section */

/* Begin PBXSourcesBuildPhase section */
		4EF8C1752C7733A6005664DB /* Sources */ = {
			isa = PBXSourcesBuildPhase;
			buildActionMask = 2147483647;
			files = (
				4EF8C1812C7733A6005664DB /* ViewController.swift in Sources */,
				4EF8C1872C7733A6005664DB /* CoreDataDemo.xcdatamodeld in Sources */,
				4EF8C17D2C7733A6005664DB /* AppDelegate.swift in Sources */,
				4EF8C17F2C7733A6005664DB /* SceneDelegate.swift in Sources */,
			);
			runOnlyForDeploymentPostprocessing = 0;
		};
		4EF8C18E2C7733A7005664DB /* Sources */ = {
			isa = PBXSourcesBuildPhase;
			buildActionMask = 2147483647;
			files = (
				4EF8C1972C7733A7005664DB /* CoreDataDemoTests.swift in Sources */,
			);
			runOnlyForDeploymentPostprocessing = 0;
		};
		4EF8C1982C7733A7005664DB /* Sources */ = {
			isa = PBXSourcesBuildPhase;
			buildActionMask = 2147483647;
			files = (
				4EF8C1A32C7733A7005664DB /* CoreDataDemoUITestsLaunchTests.swift in Sources */,
				4EF8C1A12C7733A7005664DB /* CoreDataDemoUITests.swift in Sources */,
			);
			runOnlyForDeploymentPostprocessing = 0;
		};
/* End PBXSourcesBuildPhase section */

/* Begin PBXTargetDependency section */
		4EF8C1942C7733A7005664DB /* PBXTargetDependency */ = {
			isa = PBXTargetDependency;
			target = 4EF8C1782C7733A6005664DB /* CoreDataDemo */;
			targetProxy = 4EF8C1932C7733A7005664DB /* PBXContainerItemProxy */;
		};
		4EF8C19E2C7733A7005664DB /* PBXTargetDependency */ = {
			isa = PBXTargetDependency;
			target = 4EF8C1782C7733A6005664DB /* CoreDataDemo */;
			targetProxy = 4EF8C19D2C7733A7005664DB /* PBXContainerItemProxy */;
		};
/* End PBXTargetDependency section */

/* Begin PBXVariantGroup section */
		4EF8C1822C7733A6005664DB /* Main.storyboard */ = {
			isa = PBXVariantGroup;
			children = (
				4EF8C1832C7733A6005664DB /* Base */,
			);
			name = Main.storyboard;
			sourceTree = "<group>";
		};
		4EF8C18A2C7733A7005664DB /* LaunchScreen.storyboard */ = {
			isa = PBXVariantGroup;
			children = (
				4EF8C18B2C7733A7005664DB /* Base */,
			);
			name = LaunchScreen.storyboard;
			sourceTree = "<group>";
		};
/* End PBXVariantGroup section */

/* Begin XCBuildConfiguration section */
		4EF8C1A42C7733A7005664DB /* Debug */ = {
			isa = XCBuildConfiguration;
			buildSettings = {
				ALWAYS_SEARCH_USER_PATHS = NO;
				ASSETCATALOG_COMPILER_GENERATE_SWIFT_ASSET_SYMBOL_EXTENSIONS = YES;
				CLANG_ANALYZER_NONNULL = YES;
				CLANG_ANALYZER_NUMBER_OBJECT_CONVERSION = YES_AGGRESSIVE;
				CLANG_CXX_LANGUAGE_STANDARD = "gnu++20";
				CLANG_ENABLE_MODULES = YES;
				CLANG_ENABLE_OBJC_ARC = YES;
				CLANG_ENABLE_OBJC_WEAK = YES;
				CLANG_WARN_BLOCK_CAPTURE_AUTORELEASING = YES;
				CLANG_WARN_BOOL_CONVERSION = YES;
				CLANG_WARN_COMMA = YES;
				CLANG_WARN_CONSTANT_CONVERSION = YES;
				CLANG_WARN_DEPRECATED_OBJC_IMPLEMENTATIONS = YES;
				CLANG_WARN_DIRECT_OBJC_ISA_USAGE = YES_ERROR;
				CLANG_WARN_DOCUMENTATION_COMMENTS = YES;
				CLANG_WARN_EMPTY_BODY = YES;
				CLANG_WARN_ENUM_CONVERSION = YES;
				CLANG_WARN_INFINITE_RECURSION = YES;
				CLANG_WARN_INT_CONVERSION = YES;
				CLANG_WARN_NON_LITERAL_NULL_CONVERSION = YES;
				CLANG_WARN_OBJC_IMPLICIT_RETAIN_SELF = YES;
				CLANG_WARN_OBJC_LITERAL_CONVERSION = YES;
				CLANG_WARN_OBJC_ROOT_CLASS = YES_ERROR;
				CLANG_WARN_QUOTED_INCLUDE_IN_FRAMEWORK_HEADER = YES;
				CLANG_WARN_RANGE_LOOP_ANALYSIS = YES;
				CLANG_WARN_STRICT_PROTOTYPES = YES;
				CLANG_WARN_SUSPICIOUS_MOVE = YES;
				CLANG_WARN_UNGUARDED_AVAILABILITY = YES_AGGRESSIVE;
				CLANG_WARN_UNREACHABLE_CODE = YES;
				CLANG_WARN__DUPLICATE_METHOD_MATCH = YES;
				COPY_PHASE_STRIP = NO;
				DEBUG_INFORMATION_FORMAT = dwarf;
				ENABLE_STRICT_OBJC_MSGSEND = YES;
				ENABLE_TESTABILITY = YES;
				ENABLE_USER_SCRIPT_SANDBOXING = YES;
				GCC_C_LANGUAGE_STANDARD = gnu17;
				GCC_DYNAMIC_NO_PIC = NO;
				GCC_NO_COMMON_BLOCKS = YES;
				GCC_OPTIMIZATION_LEVEL = 0;
				GCC_PREPROCESSOR_DEFINITIONS = (
					"DEBUG=1",
					"$(inherited)",
				);
				GCC_WARN_64_TO_32_BIT_CONVERSION = YES;
				GCC_WARN_ABOUT_RETURN_TYPE = YES_ERROR;
				GCC_WARN_UNDECLARED_SELECTOR = YES;
				GCC_WARN_UNINITIALIZED_AUTOS = YES_AGGRESSIVE;
				GCC_WARN_UNUSED_FUNCTION = YES;
				GCC_WARN_UNUSED_VARIABLE = YES;
				IPHONEOS_DEPLOYMENT_TARGET = 17.4;
				LOCALIZATION_PREFERS_STRING_CATALOGS = YES;
				MTL_ENABLE_DEBUG_INFO = INCLUDE_SOURCE;
				MTL_FAST_MATH = YES;
				ONLY_ACTIVE_ARCH = YES;
				SDKROOT = iphoneos;
				SWIFT_ACTIVE_COMPILATION_CONDITIONS = "DEBUG $(inherited)";
				SWIFT_OPTIMIZATION_LEVEL = "-Onone";
			};
			name = Debug;
		};
		4EF8C1A52C7733A7005664DB /* Release */ = {
			isa = XCBuildConfiguration;
			buildSettings = {
				ALWAYS_SEARCH_USER_PATHS = NO;
				ASSETCATALOG_COMPILER_GENERATE_SWIFT_ASSET_SYMBOL_EXTENSIONS = YES;
				CLANG_ANALYZER_NONNULL = YES;
				CLANG_ANALYZER_NUMBER_OBJECT_CONVERSION = YES_AGGRESSIVE;
				CLANG_CXX_LANGUAGE_STANDARD = "gnu++20";
				CLANG_ENABLE_MODULES = YES;
				CLANG_ENABLE_OBJC_ARC = YES;
				CLANG_ENABLE_OBJC_WEAK = YES;
				CLANG_WARN_BLOCK_CAPTURE_AUTORELEASING = YES;
				CLANG_WARN_BOOL_CONVERSION = YES;
				CLANG_WARN_COMMA = YES;
				CLANG_WARN_CONSTANT_CONVERSION = YES;
				CLANG_WARN_DEPRECATED_OBJC_IMPLEMENTATIONS = YES;
				CLANG_WARN_DIRECT_OBJC_ISA_USAGE = YES_ERROR;
				CLANG_WARN_DOCUMENTATION_COMMENTS = YES;
				CLANG_WARN_EMPTY_BODY = YES;
				CLANG_WARN_ENUM_CONVERSION = YES;
				CLANG_WARN_INFINITE_RECURSION = YES;
				CLANG_WARN_INT_CONVERSION = YES;
				CLANG_WARN_NON_LITERAL_NULL_CONVERSION = YES;
				CLANG_WARN_OBJC_IMPLICIT_RETAIN_SELF = YES;
				CLANG_WARN_OBJC_LITERAL_CONVERSION = YES;
				CLANG_WARN_OBJC_ROOT_CLASS = YES_ERROR;
				CLANG_WARN_QUOTED_INCLUDE_IN_FRAMEWORK_HEADER = YES;
				CLANG_WARN_RANGE_LOOP_ANALYSIS = YES;
				CLANG_WARN_STRICT_PROTOTYPES = YES;
				CLANG_WARN_SUSPICIOUS_MOVE = YES;
				CLANG_WARN_UNGUARDED_AVAILABILITY = YES_AGGRESSIVE;
				CLANG_WARN_UNREACHABLE_CODE = YES;
				CLANG_WARN__DUPLICATE_METHOD_MATCH = YES;
				COPY_PHASE_STRIP = NO;
				DEBUG_INFORMATION_FORMAT = "dwarf-with-dsym";
				ENABLE_NS_ASSERTIONS = NO;
				ENABLE_STRICT_OBJC_MSGSEND = YES;
				ENABLE_USER_SCRIPT_SANDBOXING = YES;
				GCC_C_LANGUAGE_STANDARD = gnu17;
				GCC_NO_COMMON_BLOCKS = YES;
				GCC_WARN_64_TO_32_BIT_CONVERSION = YES;
				GCC_WARN_ABOUT_RETURN_TYPE = YES_ERROR;
				GCC_WARN_UNDECLARED_SELECTOR = YES;
				GCC_WARN_UNINITIALIZED_AUTOS = YES_AGGRESSIVE;
				GCC_WARN_UNUSED_FUNCTION = YES;
				GCC_WARN_UNUSED_VARIABLE = YES;
				IPHONEOS_DEPLOYMENT_TARGET = 17.4;
				LOCALIZATION_PREFERS_STRING_CATALOGS = YES;
				MTL_ENABLE_DEBUG_INFO = NO;
				MTL_FAST_MATH = YES;
				SDKROOT = iphoneos;
				SWIFT_COMPILATION_MODE = wholemodule;
				VALIDATE_PRODUCT = YES;
			};
			name = Release;
		};
		4EF8C1A72C7733A7005664DB /* Debug */ = {
			isa = XCBuildConfiguration;
			buildSettings = {
				ASSETCATALOG_COMPILER_APPICON_NAME = AppIcon;
				ASSETCATALOG_COMPILER_GLOBAL_ACCENT_COLOR_NAME = AccentColor;
				CODE_SIGN_STYLE = Automatic;
				CURRENT_PROJECT_VERSION = 1;
				DEVELOPMENT_TEAM = 532L4TPV66;
				GENERATE_INFOPLIST_FILE = YES;
				INFOPLIST_FILE = CoreDataDemo/Info.plist;
				INFOPLIST_KEY_UIApplicationSupportsIndirectInputEvents = YES;
				INFOPLIST_KEY_UILaunchStoryboardName = LaunchScreen;
				INFOPLIST_KEY_UIMainStoryboardFile = Main;
				INFOPLIST_KEY_UISupportedInterfaceOrientations_iPad = "UIInterfaceOrientationPortrait UIInterfaceOrientationPortraitUpsideDown UIInterfaceOrientationLandscapeLeft UIInterfaceOrientationLandscapeRight";
				INFOPLIST_KEY_UISupportedInterfaceOrientations_iPhone = "UIInterfaceOrientationPortrait UIInterfaceOrientationLandscapeLeft UIInterfaceOrientationLandscapeRight";
				LD_RUNPATH_SEARCH_PATHS = (
					"$(inherited)",
					"@executable_path/Frameworks",
				);
				MARKETING_VERSION = 1.0;
				PRODUCT_BUNDLE_IDENTIFIER = com.semidot.CoreDataDemo;
				PRODUCT_NAME = "$(TARGET_NAME)";
				SWIFT_EMIT_LOC_STRINGS = YES;
				SWIFT_VERSION = 5.0;
				TARGETED_DEVICE_FAMILY = "1,2";
			};
			name = Debug;
		};
		4EF8C1A82C7733A7005664DB /* Release */ = {
			isa = XCBuildConfiguration;
			buildSettings = {
				ASSETCATALOG_COMPILER_APPICON_NAME = AppIcon;
				ASSETCATALOG_COMPILER_GLOBAL_ACCENT_COLOR_NAME = AccentColor;
				CODE_SIGN_STYLE = Automatic;
				CURRENT_PROJECT_VERSION = 1;
				DEVELOPMENT_TEAM = 532L4TPV66;
				GENERATE_INFOPLIST_FILE = YES;
				INFOPLIST_FILE = CoreDataDemo/Info.plist;
				INFOPLIST_KEY_UIApplicationSupportsIndirectInputEvents = YES;
				INFOPLIST_KEY_UILaunchStoryboardName = LaunchScreen;
				INFOPLIST_KEY_UIMainStoryboardFile = Main;
				INFOPLIST_KEY_UISupportedInterfaceOrientations_iPad = "UIInterfaceOrientationPortrait UIInterfaceOrientationPortraitUpsideDown UIInterfaceOrientationLandscapeLeft UIInterfaceOrientationLandscapeRight";
				INFOPLIST_KEY_UISupportedInterfaceOrientations_iPhone = "UIInterfaceOrientationPortrait UIInterfaceOrientationLandscapeLeft UIInterfaceOrientationLandscapeRight";
				LD_RUNPATH_SEARCH_PATHS = (
					"$(inherited)",
					"@executable_path/Frameworks",
				);
				MARKETING_VERSION = 1.0;
				PRODUCT_BUNDLE_IDENTIFIER = com.semidot.CoreDataDemo;
				PRODUCT_NAME = "$(TARGET_NAME)";
				SWIFT_EMIT_LOC_STRINGS = YES;
				SWIFT_VERSION = 5.0;
				TARGETED_DEVICE_FAMILY = "1,2";
			};
			name = Release;
		};
		4EF8C1AA2C7733A7005664DB /* Debug */ = {
			isa = XCBuildConfiguration;
			buildSettings = {
				ALWAYS_EMBED_SWIFT_STANDARD_LIBRARIES = YES;
				BUNDLE_LOADER = "$(TEST_HOST)";
				CODE_SIGN_STYLE = Automatic;
				CURRENT_PROJECT_VERSION = 1;
				DEVELOPMENT_TEAM = 532L4TPV66;
				GENERATE_INFOPLIST_FILE = YES;
				IPHONEOS_DEPLOYMENT_TARGET = 17.4;
				MARKETING_VERSION = 1.0;
				PRODUCT_BUNDLE_IDENTIFIER = com.semidot.CoreDataDemoTests;
				PRODUCT_NAME = "$(TARGET_NAME)";
				SWIFT_EMIT_LOC_STRINGS = NO;
				SWIFT_VERSION = 5.0;
				TARGETED_DEVICE_FAMILY = "1,2";
				TEST_HOST = "$(BUILT_PRODUCTS_DIR)/CoreDataDemo.app/$(BUNDLE_EXECUTABLE_FOLDER_PATH)/CoreDataDemo";
			};
			name = Debug;
		};
		4EF8C1AB2C7733A7005664DB /* Release */ = {
			isa = XCBuildConfiguration;
			buildSettings = {
				ALWAYS_EMBED_SWIFT_STANDARD_LIBRARIES = YES;
				BUNDLE_LOADER = "$(TEST_HOST)";
				CODE_SIGN_STYLE = Automatic;
				CURRENT_PROJECT_VERSION = 1;
				DEVELOPMENT_TEAM = 532L4TPV66;
				GENERATE_INFOPLIST_FILE = YES;
				IPHONEOS_DEPLOYMENT_TARGET = 17.4;
				MARKETING_VERSION = 1.0;
				PRODUCT_BUNDLE_IDENTIFIER = com.semidot.CoreDataDemoTests;
				PRODUCT_NAME = "$(TARGET_NAME)";
				SWIFT_EMIT_LOC_STRINGS = NO;
				SWIFT_VERSION = 5.0;
				TARGETED_DEVICE_FAMILY = "1,2";
				TEST_HOST = "$(BUILT_PRODUCTS_DIR)/CoreDataDemo.app/$(BUNDLE_EXECUTABLE_FOLDER_PATH)/CoreDataDemo";
			};
			name = Release;
		};
		4EF8C1AD2C7733A7005664DB /* Debug */ = {
			isa = XCBuildConfiguration;
			buildSettings = {
				ALWAYS_EMBED_SWIFT_STANDARD_LIBRARIES = YES;
				CODE_SIGN_STYLE = Automatic;
				CURRENT_PROJECT_VERSION = 1;
				DEVELOPMENT_TEAM = 532L4TPV66;
				GENERATE_INFOPLIST_FILE = YES;
				MARKETING_VERSION = 1.0;
				PRODUCT_BUNDLE_IDENTIFIER = com.semidot.CoreDataDemoUITests;
				PRODUCT_NAME = "$(TARGET_NAME)";
				SWIFT_EMIT_LOC_STRINGS = NO;
				SWIFT_VERSION = 5.0;
				TARGETED_DEVICE_FAMILY = "1,2";
				TEST_TARGET_NAME = CoreDataDemo;
			};
			name = Debug;
		};
		4EF8C1AE2C7733A7005664DB /* Release */ = {
			isa = XCBuildConfiguration;
			buildSettings = {
				ALWAYS_EMBED_SWIFT_STANDARD_LIBRARIES = YES;
				CODE_SIGN_STYLE = Automatic;
				CURRENT_PROJECT_VERSION = 1;
				DEVELOPMENT_TEAM = 532L4TPV66;
				GENERATE_INFOPLIST_FILE = YES;
				MARKETING_VERSION = 1.0;
				PRODUCT_BUNDLE_IDENTIFIER = com.semidot.CoreDataDemoUITests;
				PRODUCT_NAME = "$(TARGET_NAME)";
				SWIFT_EMIT_LOC_STRINGS = NO;
				SWIFT_VERSION = 5.0;
				TARGETED_DEVICE_FAMILY = "1,2";
				TEST_TARGET_NAME = CoreDataDemo;
			};
			name = Release;
		};
/* End XCBuildConfiguration section */

/* Begin XCConfigurationList section */
		4EF8C1742C7733A6005664DB /* Build configuration list for PBXProject "CoreDataDemo" */ = {
			isa = XCConfigurationList;
			buildConfigurations = (
				4EF8C1A42C7733A7005664DB /* Debug */,
				4EF8C1A52C7733A7005664DB /* Release */,
			);
			defaultConfigurationIsVisible = 0;
			defaultConfigurationName = Release;
		};
		4EF8C1A62C7733A7005664DB /* Build configuration list for PBXNativeTarget "CoreDataDemo" */ = {
			isa = XCConfigurationList;
			buildConfigurations = (
				4EF8C1A72C7733A7005664DB /* Debug */,
				4EF8C1A82C7733A7005664DB /* Release */,
			);
			defaultConfigurationIsVisible = 0;
			defaultConfigurationName = Release;
		};
		4EF8C1A92C7733A7005664DB /* Build configuration list for PBXNativeTarget "CoreDataDemoTests" */ = {
			isa = XCConfigurationList;
			buildConfigurations = (
				4EF8C1AA2C7733A7005664DB /* Debug */,
				4EF8C1AB2C7733A7005664DB /* Release */,
			);
			defaultConfigurationIsVisible = 0;
			defaultConfigurationName = Release;
		};
		4EF8C1AC2C7733A7005664DB /* Build configuration list for PBXNativeTarget "CoreDataDemoUITests" */ = {
			isa = XCConfigurationList;
			buildConfigurations = (
				4EF8C1AD2C7733A7005664DB /* Debug */,
				4EF8C1AE2C7733A7005664DB /* Release */,
			);
			defaultConfigurationIsVisible = 0;
			defaultConfigurationName = Release;
		};
/* End XCConfigurationList section */

/* Begin XCVersionGroup section */
		4EF8C1852C7733A6005664DB /* CoreDataDemo.xcdatamodeld */ = {
			isa = XCVersionGroup;
			children = (
				4EF8C1862C7733A6005664DB /* CoreDataDemo.xcdatamodel */,
			);
			currentVersion = 4EF8C1862C7733A6005664DB /* CoreDataDemo.xcdatamodel */;
			path = CoreDataDemo.xcdatamodeld;
			sourceTree = "<group>";
			versionGroupType = wrapper.xcdatamodel;
		};
/* End XCVersionGroup section */
	};
	rootObject = 4EF8C1712C7733A6005664DB /* Project object */;
}
